{
    "_readme": [
        "This file locks the dependencies of your project to a known state",
        "Read more about it at https://getcomposer.org/doc/01-basic-usage.md#composer-lock-the-lock-file",
        "This file is @generated automatically"
    ],
    "hash": "7c2a58f6377642c6df5fbfae867fd4ef",
    "content-hash": "a465ddb5eb0a8950ddbd1894278b090b",
    "packages": [
        {
            "name": "mihaeu/html-formatter",
            "version": "1.0.0",
            "source": {
                "type": "git",
                "url": "https://github.com/mihaeu/html-formatter.git",
                "reference": "a376177343ffe5484f8457f699237c1863b7cfd5"
            },
            "dist": {
                "type": "zip",
                "url": "https://api.github.com/repos/mihaeu/html-formatter/zipball/a376177343ffe5484f8457f699237c1863b7cfd5",
                "reference": "a376177343ffe5484f8457f699237c1863b7cfd5",
                "shasum": ""
            },
            "type": "library",
            "autoload": {
                "psr-0": {
                    "Mihaeu": "src"
                }
            },
            "notification-url": "https://packagist.org/downloads/",
            "license": [
                "MIT"
            ],
            "authors": [
                {
                    "name": "Michael Haeuslmann",
                    "email": "haeuslmann@gmail.com"
                }
            ],
            "description": "HTML Formatter pritifies HTML content by applying proper intendation (no tidy, purification, etc.).",
            "homepage": "https://github.com/mihaeu/html-formatter",
            "keywords": [
                "clean",
                "formatter",
                "html",
                "pretty"
            ],
            "time": "2013-11-26 11:55:02"
        },
        {
            "name": "rattrap/spress-html-beautifier",
            "version": "v1.0.0",
            "source": {
                "type": "git",
                "url": "https://github.com/rattrap/spress-html-beautifier.git",
                "reference": "ff49a92bb17d2630189d16c5c5084e7d0cdd0e1c"
            },
            "dist": {
                "type": "zip",
                "url": "https://api.github.com/repos/rattrap/spress-html-beautifier/zipball/ff49a92bb17d2630189d16c5c5084e7d0cdd0e1c",
                "reference": "ff49a92bb17d2630189d16c5c5084e7d0cdd0e1c",
                "shasum": ""
            },
            "require": {
                "mihaeu/html-formatter": "1.*",
                "spress/spress-installer": "2.0.*"
            },
            "type": "spress-plugin",
            "notification-url": "https://packagist.org/downloads/",
            "license": [
                "MIT"
            ],
            "authors": [
                {
                    "name": "Leonard Mocanu",
                    "email": "leonard@mocanu.me"
                }
            ],
            "description": "Beautify your HTML",
            "keywords": [
                "plugin",
                "spress"
            ],
            "time": "2016-04-23 20:47:16"
        },
        {
            "name": "spress/spress-installer",
            "version": "v2.0.2",
            "source": {
                "type": "git",
                "url": "git@github.com:spress/Spress-installer.git",
                "reference": "1f9296d9e61951e171e885857eb7a3a159f979df"
            },
            "dist": {
                "type": "zip",
                "url": "https://api.github.com/repos/spress/Spress-installer/zipball/1f9296d9e61951e171e885857eb7a3a159f979df",
                "reference": "1f9296d9e61951e171e885857eb7a3a159f979df",
                "shasum": ""
            },
            "require": {
                "composer-plugin-api": "^1.0"
            },
            "replace": {
                "yosymfony/spress-installer": "self.version"
            },
            "require-dev": {
                "composer/composer": "1.*",
                "mockery/mockery": "0.9.*"
            },
            "type": "composer-plugin",
            "extra": {
                "class": "Yosymfony\\Spress\\Composer\\SpressPlugin",
                "branch-alias": {
                    "dev-master": "2.0-dev"
                }
            },
            "autoload": {
                "psr-4": {
                    "Yosymfony\\Spress\\Composer\\": "src/"
                }
            },
            "notification-url": "https://packagist.org/downloads/",
            "license": [
                "MIT"
            ],
            "authors": [
                {
                    "name": "Victor Puertas",
                    "email": "vpgugr@gmail.com",
                    "homepage": "http://yosymfony.com"
                }
            ],
            "description": "Installer for Spress addons",
            "keywords": [
                "installer",
                "plugins",
                "spress",
                "themes"
            ],
            "time": "2016-01-02 13:24:07"
        }
    ],
    "packages-dev": [],
    "aliases": [],
    "minimum-stability": "stable",
    "stability-flags": [],
    "prefer-stable": false,
    "prefer-lowest": false,
    "platform": [],
    "platform-dev": []
}
